
Microsoft Visual Studio Solution File, Format Version 12.00
# Visual Studio Version 17
VisualStudioVersion = 17.5.002.0
MinimumVisualStudioVersion = 10.0.40219.1
Project("{9A19103F-16F7-4668-BE54-9A1E7A4F7556}") = "TestesUnitarios.Desafio.Tests", "TestesUnitarios.Desafio.Tests.csproj", "{0E4E1C44-031C-445B-883C-C14B0EECA319}"
EndProject
Global
	GlobalSection(SolutionConfigurationPlatforms) = preSolution
		Debug|Any CPU = Debug|Any CPU
		Release|Any CPU = Release|Any CPU
	EndGlobalSection
	GlobalSection(ProjectConfigurationPlatforms) = postSolution
		{0E4E1C44-031C-445B-883C-C14B0EECA319}.Debug|Any CPU.ActiveCfg = Debug|Any CPU
		{0E4E1C44-031C-445B-883C-C14B0EECA319}.Debug|Any CPU.Build.0 = Debug|Any CPU
		{0E4E1C44-031C-445B-883C-C14B0EECA319}.Release|Any CPU.ActiveCfg = Release|Any CPU
		{0E4E1C44-031C-445B-883C-C14B0EECA319}.Release|Any CPU.Build.0 = Release|Any CPU
	EndGlobalSection
	GlobalSection(SolutionProperties) = preSolution
		HideSolutionNode = FALSE
	EndGlobalSection
	GlobalSection(ExtensibilityGlobals) = postSolution
		SolutionGuid = {9044250D-865C-44FC-9614-47542BDFA750}
	EndGlobalSection
EndGlobal
